
Microsoft Visual Studio Solution File, Format Version 12.00
# Visual Studio 15
VisualStudioVersion = 15.0.27130.2027
MinimumVisualStudioVersion = 10.0.40219.1
Project("{FAE04EC0-301F-11D3-BF4B-00C04F79EFBC}") = "Neuronios", "Neuronios\Neuronios.csproj", "{B0781C66-BB90-41BF-8228-8BB2164CB83E}"
EndProject
Project("{FAE04EC0-301F-11D3-BF4B-00C04F79EFBC}") = "UsandoNeuronios", "UsandoNeuronios\UsandoNeuronios.csproj", "{5B7CADA7-E013-4D76-BA18-5D06BDC7649C}"
EndProject
Global
	GlobalSection(SolutionConfigurationPlatforms) = preSolution
		Debug|Any CPU = Debug|Any CPU
		Release|Any CPU = Release|Any CPU
	EndGlobalSection
	GlobalSection(ProjectConfigurationPlatforms) = postSolution
		{B0781C66-BB90-41BF-8228-8BB2164CB83E}.Debug|Any CPU.ActiveCfg = Debug|Any CPU
		{B0781C66-BB90-41BF-8228-8BB2164CB83E}.Debug|Any CPU.Build.0 = Debug|Any CPU
		{B0781C66-BB90-41BF-8228-8BB2164CB83E}.Release|Any CPU.ActiveCfg = Release|Any CPU
		{B0781C66-BB90-41BF-8228-8BB2164CB83E}.Release|Any CPU.Build.0 = Release|Any CPU
		{5B7CADA7-E013-4D76-BA18-5D06BDC7649C}.Debug|Any CPU.ActiveCfg = Debug|Any CPU
		{5B7CADA7-E013-4D76-BA18-5D06BDC7649C}.Debug|Any CPU.Build.0 = Debug|Any CPU
		{5B7CADA7-E013-4D76-BA18-5D06BDC7649C}.Release|Any CPU.ActiveCfg = Release|Any CPU
		{5B7CADA7-E013-4D76-BA18-5D06BDC7649C}.Release|Any CPU.Build.0 = Release|Any CPU
	EndGlobalSection
	GlobalSection(SolutionProperties) = preSolution
		HideSolutionNode = FALSE
	EndGlobalSection
	GlobalSection(ExtensibilityGlobals) = postSolution
		SolutionGuid = {BDFFF3B5-8F21-4D48-9B11-D38BA324C615}
	EndGlobalSection
EndGlobal
